
Microsoft Visual Studio Solution File, Format Version 12.00
# Visual Studio Version 17
VisualStudioVersion = 17.10.34607.79
MinimumVisualStudioVersion = 10.0.40219.1
Project("{FAE04EC0-301F-11D3-BF4B-00C04F79EFBC}") = "GitTest", "GitTest\GitTest.csproj", "{F2329037-A301-4A38-B301-3D77EDFAAE66}"
EndProject
Global
	GlobalSection(SolutionConfigurationPlatforms) = preSolution
		Debug|Any CPU = Debug|Any CPU
		Release|Any CPU = Release|Any CPU
	EndGlobalSection
	GlobalSection(ProjectConfigurationPlatforms) = postSolution
		{F2329037-A301-4A38-B301-3D77EDFAAE66}.Debug|Any CPU.ActiveCfg = Debug|Any CPU
		{F2329037-A301-4A38-B301-3D77EDFAAE66}.Debug|Any CPU.Build.0 = Debug|Any CPU
		{F2329037-A301-4A38-B301-3D77EDFAAE66}.Release|Any CPU.ActiveCfg = Release|Any CPU
		{F2329037-A301-4A38-B301-3D77EDFAAE66}.Release|Any CPU.Build.0 = Release|Any CPU
	EndGlobalSection
	GlobalSection(SolutionProperties) = preSolution
		HideSolutionNode = FALSE
	EndGlobalSection
	GlobalSection(ExtensibilityGlobals) = postSolution
		SolutionGuid = {14789E21-D97E-43CE-B4B1-7F058A7AAC4B}
	EndGlobalSection
EndGlobal
